
Microsoft Visual Studio Solution File, Format Version 12.00
# Visual Studio 2012
Project("{FAE04EC0-301F-11D3-BF4B-00C04F79EFBC}") = "PacmanSimulator", "PacmanSimulator\PacmanSimulator.csproj", "{22D172C2-E9AB-4DB0-8C9C-55B82AEDDDCC}"
EndProject
Project("{FAE04EC0-301F-11D3-BF4B-00C04F79EFBC}") = "Pacman_test", "Pacman_test\Pacman_test.csproj", "{63E452C5-25C6-4637-8705-EA799E9C0785}"
EndProject
Global
	GlobalSection(SolutionConfigurationPlatforms) = preSolution
		Debug|x86 = Debug|x86
		Release|x86 = Release|x86
	EndGlobalSection
	GlobalSection(ProjectConfigurationPlatforms) = postSolution
		{22D172C2-E9AB-4DB0-8C9C-55B82AEDDDCC}.Debug|x86.ActiveCfg = Debug|x86
		{22D172C2-E9AB-4DB0-8C9C-55B82AEDDDCC}.Debug|x86.Build.0 = Debug|x86
		{22D172C2-E9AB-4DB0-8C9C-55B82AEDDDCC}.Release|x86.ActiveCfg = Release|x86
		{22D172C2-E9AB-4DB0-8C9C-55B82AEDDDCC}.Release|x86.Build.0 = Release|x86
		{63E452C5-25C6-4637-8705-EA799E9C0785}.Debug|x86.ActiveCfg = Debug|Any CPU
		{63E452C5-25C6-4637-8705-EA799E9C0785}.Debug|x86.Build.0 = Debug|Any CPU
		{63E452C5-25C6-4637-8705-EA799E9C0785}.Release|x86.ActiveCfg = Release|Any CPU
		{63E452C5-25C6-4637-8705-EA799E9C0785}.Release|x86.Build.0 = Release|Any CPU
		{1144EA02-6A4C-47EB-8ACA-3D722F76DDCD}.Debug|x86.ActiveCfg = Debug|Any CPU
		{1144EA02-6A4C-47EB-8ACA-3D722F76DDCD}.Debug|x86.Build.0 = Debug|Any CPU
		{1144EA02-6A4C-47EB-8ACA-3D722F76DDCD}.Release|x86.ActiveCfg = Release|Any CPU
		{1144EA02-6A4C-47EB-8ACA-3D722F76DDCD}.Release|x86.Build.0 = Release|Any CPU
	EndGlobalSection
	GlobalSection(MonoDevelopProperties) = preSolution
		StartupItem = PacmanSimulator\PacmanSimulator.csproj
	EndGlobalSection
EndGlobal
